
Microsoft Visual Studio Solution File, Format Version 12.00
# Visual Studio Version 17
VisualStudioVersion = 17.14.36221.1
MinimumVisualStudioVersion = 10.0.40219.1
Project("{2150E333-8FDC-42A3-9474-1A3956D46DE8}") = "Presentation", "Presentation", "{02EA681E-C7D8-13C7-8484-4AC65E1B71E8}"
EndProject
Project("{2150E333-8FDC-42A3-9474-1A3956D46DE8}") = "Core", "Core", "{262FE0B3-BDC0-475D-9921-00F7186C4556}"
EndProject
Project("{FAE04EC0-301F-11D3-BF4B-00C04F79EFBC}") = "CientManagement.WebApi", "src\CientManagement.WebApi\CientManagement.WebApi.csproj", "{7498A219-6147-C2FA-2834-6EE8406E47AE}"
EndProject
Project("{FAE04EC0-301F-11D3-BF4B-00C04F79EFBC}") = "ClientManagement.Domain", "src\ClientManagement.Domain\ClientManagement.Domain.csproj", "{55D174FF-F1CF-4D4E-A62F-96CA7C1FDB2C}"
EndProject
Project("{FAE04EC0-301F-11D3-BF4B-00C04F79EFBC}") = "ClientManagement.Infrastructure", "src\ClientManagement.Infrastructure\ClientManagement.Infrastructure.csproj", "{D688761F-3C47-48FE-9790-6811F146F9D5}"
EndProject
Project("{FAE04EC0-301F-11D3-BF4B-00C04F79EFBC}") = "ClientManagement.Application", "src\ClientManagement.Application\ClientManagement.Application.csproj", "{D02580E7-CED9-4543-977B-9763B2A2098C}"
EndProject
Global
	GlobalSection(SolutionConfigurationPlatforms) = preSolution
		Debug|Any CPU = Debug|Any CPU
		Release|Any CPU = Release|Any CPU
	EndGlobalSection
	GlobalSection(ProjectConfigurationPlatforms) = postSolution
		{7498A219-6147-C2FA-2834-6EE8406E47AE}.Debug|Any CPU.ActiveCfg = Debug|Any CPU
		{7498A219-6147-C2FA-2834-6EE8406E47AE}.Debug|Any CPU.Build.0 = Debug|Any CPU
		{7498A219-6147-C2FA-2834-6EE8406E47AE}.Release|Any CPU.ActiveCfg = Release|Any CPU
		{7498A219-6147-C2FA-2834-6EE8406E47AE}.Release|Any CPU.Build.0 = Release|Any CPU
		{55D174FF-F1CF-4D4E-A62F-96CA7C1FDB2C}.Debug|Any CPU.ActiveCfg = Debug|Any CPU
		{55D174FF-F1CF-4D4E-A62F-96CA7C1FDB2C}.Debug|Any CPU.Build.0 = Debug|Any CPU
		{55D174FF-F1CF-4D4E-A62F-96CA7C1FDB2C}.Release|Any CPU.ActiveCfg = Release|Any CPU
		{55D174FF-F1CF-4D4E-A62F-96CA7C1FDB2C}.Release|Any CPU.Build.0 = Release|Any CPU
		{D688761F-3C47-48FE-9790-6811F146F9D5}.Debug|Any CPU.ActiveCfg = Debug|Any CPU
		{D688761F-3C47-48FE-9790-6811F146F9D5}.Debug|Any CPU.Build.0 = Debug|Any CPU
		{D688761F-3C47-48FE-9790-6811F146F9D5}.Release|Any CPU.ActiveCfg = Release|Any CPU
		{D688761F-3C47-48FE-9790-6811F146F9D5}.Release|Any CPU.Build.0 = Release|Any CPU
		{D02580E7-CED9-4543-977B-9763B2A2098C}.Debug|Any CPU.ActiveCfg = Debug|Any CPU
		{D02580E7-CED9-4543-977B-9763B2A2098C}.Debug|Any CPU.Build.0 = Debug|Any CPU
		{D02580E7-CED9-4543-977B-9763B2A2098C}.Release|Any CPU.ActiveCfg = Release|Any CPU
		{D02580E7-CED9-4543-977B-9763B2A2098C}.Release|Any CPU.Build.0 = Release|Any CPU
	EndGlobalSection
	GlobalSection(SolutionProperties) = preSolution
		HideSolutionNode = FALSE
	EndGlobalSection
	GlobalSection(NestedProjects) = preSolution
		{7498A219-6147-C2FA-2834-6EE8406E47AE} = {02EA681E-C7D8-13C7-8484-4AC65E1B71E8}
		{55D174FF-F1CF-4D4E-A62F-96CA7C1FDB2C} = {262FE0B3-BDC0-475D-9921-00F7186C4556}
		{D688761F-3C47-48FE-9790-6811F146F9D5} = {262FE0B3-BDC0-475D-9921-00F7186C4556}
		{D02580E7-CED9-4543-977B-9763B2A2098C} = {262FE0B3-BDC0-475D-9921-00F7186C4556}
	EndGlobalSection
	GlobalSection(ExtensibilityGlobals) = postSolution
		SolutionGuid = {344C81B8-33FE-456F-96A6-79FE11A913E1}
	EndGlobalSection
EndGlobal
